// !$*UTF8*$!
{
	archiveVersion = 1;
	classes = {
	};
	objectVersion = 56;
	objects = {

/* Begin PBXBuildFile section */
		CCAC0C192A2FAF52008DAE0D /* TrumpQuotesApp.swift in Sources */ = {isa = PBXBuildFile; fileRef = CCAC0C182A2FAF52008DAE0D /* TrumpQuotesApp.swift */; };
		CCAC0C1B2A2FAF52008DAE0D /* ContentView.swift in Sources */ = {isa = PBXBuildFile; fileRef = CCAC0C1A2A2FAF52008DAE0D /* ContentView.swift */; };
		CCAC0C1D2A2FAF54008DAE0D /* Assets.xcassets in Resources */ = {isa = PBXBuildFile; fileRef = CCAC0C1C2A2FAF54008DAE0D /* Assets.xcassets */; };
		CCAC0C202A2FAF54008DAE0D /* Preview Assets.xcassets in Resources */ = {isa = PBXBuildFile; fileRef = CCAC0C1F2A2FAF54008DAE0D /* Preview Assets.xcassets */; };
		CCAC0C282A2FC1D9008DAE0D /* Model.swift in Sources */ = {isa = PBXBuildFile; fileRef = CCAC0C272A2FC1D9008DAE0D /* Model.swift */; };
		CCAC0C2A2A2FC3CB008DAE0D /* Quote.swift in Sources */ = {isa = PBXBuildFile; fileRef = CCAC0C292A2FC3CB008DAE0D /* Quote.swift */; };
		CCAC0C2E2A2FC429008DAE0D /* QuoteViewModel.swift in Sources */ = {isa = PBXBuildFile; fileRef = CCAC0C2D2A2FC429008DAE0D /* QuoteViewModel.swift */; };
/* End PBXBuildFile section */

/* Begin PBXFileReference section */
		CCAC0C152A2FAF52008DAE0D /* TrumpQuotesGame.app */ = {isa = PBXFileReference; explicitFileType = wrapper.application; includeInIndex = 0; path = TrumpQuotesGame.app; sourceTree = BUILT_PRODUCTS_DIR; };
		CCAC0C182A2FAF52008DAE0D /* TrumpQuotesApp.swift */ = {isa = PBXFileReference; lastKnownFileType = sourcecode.swift; path = TrumpQuotesApp.swift; sourceTree = "<group>"; };
		CCAC0C1A2A2FAF52008DAE0D /* ContentView.swift */ = {isa = PBXFileReference; lastKnownFileType = sourcecode.swift; path = ContentView.swift; sourceTree = "<group>"; };
		CCAC0C1C2A2FAF54008DAE0D /* Assets.xcassets */ = {isa = PBXFileReference; lastKnownFileType = folder.assetcatalog; path = Assets.xcassets; sourceTree = "<group>"; };
		CCAC0C1F2A2FAF54008DAE0D /* Preview Assets.xcassets */ = {isa = PBXFileReference; lastKnownFileType = folder.assetcatalog; path = "Preview Assets.xcassets"; sourceTree = "<group>"; };
		CCAC0C272A2FC1D9008DAE0D /* Model.swift */ = {isa = PBXFileReference; lastKnownFileType = sourcecode.swift; path = Model.swift; sourceTree = "<group>"; };
		CCAC0C292A2FC3CB008DAE0D /* Quote.swift */ = {isa = PBXFileReference; lastKnownFileType = sourcecode.swift; path = Quote.swift; sourceTree = "<group>"; };
		CCAC0C2D2A2FC429008DAE0D /* QuoteViewModel.swift */ = {isa = PBXFileReference; lastKnownFileType = sourcecode.swift; path = QuoteViewModel.swift; sourceTree = "<group>"; };
/* End PBXFileReference section */

/* Begin PBXFrameworksBuildPhase section */
		CCAC0C122A2FAF52008DAE0D /* Frameworks */ = {
			isa = PBXFrameworksBuildPhase;
			buildActionMask = 2147483647;
			files = (
			);
			runOnlyForDeploymentPostprocessing = 0;
		};
/* End PBXFrameworksBuildPhase section */

/* Begin PBXGroup section */
		CCAC0C0C2A2FAF52008DAE0D = {
			isa = PBXGroup;
			children = (
				CCAC0C172A2FAF52008DAE0D /* TrumpQuotes */,
				CCAC0C162A2FAF52008DAE0D /* Products */,
			);
			sourceTree = "<group>";
		};
		CCAC0C162A2FAF52008DAE0D /* Products */ = {
			isa = PBXGroup;
			children = (
				CCAC0C152A2FAF52008DAE0D /* TrumpQuotesGame.app */,
			);
			name = Products;
			sourceTree = "<group>";
		};
		CCAC0C172A2FAF52008DAE0D /* TrumpQuotes */ = {
			isa = PBXGroup;
			children = (
				CCAC0C2C2A2FC40C008DAE0D /* ViewModel */,
				CCAC0C2B2A2FC402008DAE0D /* Views */,
				CCAC0C262A2FC1C0008DAE0D /* Model */,
				CCAC0C182A2FAF52008DAE0D /* TrumpQuotesApp.swift */,
				CCAC0C1C2A2FAF54008DAE0D /* Assets.xcassets */,
				CCAC0C1E2A2FAF54008DAE0D /* Preview Content */,
			);
			path = TrumpQuotes;
			sourceTree = "<group>";
		};
		CCAC0C1E2A2FAF54008DAE0D /* Preview Content */ = {
			isa = PBXGroup;
			children = (
				CCAC0C1F2A2FAF54008DAE0D /* Preview Assets.xcassets */,
			);
			path = "Preview Content";
			sourceTree = "<group>";
		};
		CCAC0C262A2FC1C0008DAE0D /* Model */ = {
			isa = PBXGroup;
			children = (
				CCAC0C272A2FC1D9008DAE0D /* Model.swift */,
				CCAC0C292A2FC3CB008DAE0D /* Quote.swift */,
			);
			path = Model;
			sourceTree = "<group>";
		};
		CCAC0C2B2A2FC402008DAE0D /* Views */ = {
			isa = PBXGroup;
			children = (
				CCAC0C1A2A2FAF52008DAE0D /* ContentView.swift */,
			);
			path = Views;
			sourceTree = "<group>";
		};
		CCAC0C2C2A2FC40C008DAE0D /* ViewModel */ = {
			isa = PBXGroup;
			children = (
				CCAC0C2D2A2FC429008DAE0D /* QuoteViewModel.swift */,
			);
			path = ViewModel;
			sourceTree = "<group>";
		};
/* End PBXGroup section */

/* Begin PBXNativeTarget section */
		CCAC0C142A2FAF52008DAE0D /* TrumpQuotesGame */ = {
			isa = PBXNativeTarget;
			buildConfigurationList = CCAC0C232A2FAF54008DAE0D /* Build configuration list for PBXNativeTarget "TrumpQuotesGame" */;
			buildPhases = (
				CCAC0C112A2FAF52008DAE0D /* Sources */,
				CCAC0C122A2FAF52008DAE0D /* Frameworks */,
				CCAC0C132A2FAF52008DAE0D /* Resources */,
			);
			buildRules = (
			);
			dependencies = (
			);
			name = TrumpQuotesGame;
			productName = ColorGame;
			productReference = CCAC0C152A2FAF52008DAE0D /* TrumpQuotesGame.app */;
			productType = "com.apple.product-type.application";
		};
/* End PBXNativeTarget section */

/* Begin PBXProject section */
		CCAC0C0D2A2FAF52008DAE0D /* Project object */ = {
			isa = PBXProject;
			attributes = {
				BuildIndependentTargetsInParallel = 1;
				LastSwiftUpdateCheck = 1430;
				LastUpgradeCheck = 1430;
				TargetAttributes = {
					CCAC0C142A2FAF52008DAE0D = {
						CreatedOnToolsVersion = 14.3;
					};
				};
			};
			buildConfigurationList = CCAC0C102A2FAF52008DAE0D /* Build configuration list for PBXProject "TrumpQuotes" */;
			compatibilityVersion = "Xcode 14.0";
			developmentRegion = en;
			hasScannedForEncodings = 0;
			knownRegions = (
				en,
				Base,
			);
			mainGroup = CCAC0C0C2A2FAF52008DAE0D;
			productRefGroup = CCAC0C162A2FAF52008DAE0D /* Products */;
			projectDirPath = "";
			projectRoot = "";
			targets = (
				CCAC0C142A2FAF52008DAE0D /* TrumpQuotesGame */,
			);
		};
/* End PBXProject section */

/* Begin PBXResourcesBuildPhase section */
		CCAC0C132A2FAF52008DAE0D /* Resources */ = {
			isa = PBXResourcesBuildPhase;
			buildActionMask = 2147483647;
			files = (
				CCAC0C202A2FAF54008DAE0D /* Preview Assets.xcassets in Resources */,
				CCAC0C1D2A2FAF54008DAE0D /* Assets.xcassets in Resources */,
			);
			runOnlyForDeploymentPostprocessing = 0;
		};
/* End PBXResourcesBuildPhase section */

/* Begin PBXSourcesBuildPhase section */
		CCAC0C112A2FAF52008DAE0D /* Sources */ = {
			isa = PBXSourcesBuildPhase;
			buildActionMask = 2147483647;
			files = (
				CCAC0C2A2A2FC3CB008DAE0D /* Quote.swift in Sources */,
				CCAC0C2E2A2FC429008DAE0D /* QuoteViewModel.swift in Sources */,
				CCAC0C282A2FC1D9008DAE0D /* Model.swift in Sources */,
				CCAC0C1B2A2FAF52008DAE0D /* ContentView.swift in Sources */,
				CCAC0C192A2FAF52008DAE0D /* TrumpQuotesApp.swift in Sources */,
			);
			runOnlyForDeploymentPostprocessing = 0;
		};
/* End PBXSourcesBuildPhase section */

/* Begin XCBuildConfiguration section */
		CCAC0C212A2FAF54008DAE0D /* Debug */ = {
			isa = XCBuildConfiguration;
			buildSettings = {
				ALWAYS_SEARCH_USER_PATHS = NO;
				CLANG_ANALYZER_NONNULL = YES;
				CLANG_ANALYZER_NUMBER_OBJECT_CONVERSION = YES_AGGRESSIVE;
				CLANG_CXX_LANGUAGE_STANDARD = "gnu++20";
				CLANG_ENABLE_MODULES = YES;
				CLANG_ENABLE_OBJC_ARC = YES;
				CLANG_ENABLE_OBJC_WEAK = YES;
				CLANG_WARN_BLOCK_CAPTURE_AUTORELEASING = YES;
				CLANG_WARN_BOOL_CONVERSION = YES;
				CLANG_WARN_COMMA = YES;
				CLANG_WARN_CONSTANT_CONVERSION = YES;
				CLANG_WARN_DEPRECATED_OBJC_IMPLEMENTATIONS = YES;
				CLANG_WARN_DIRECT_OBJC_ISA_USAGE = YES_ERROR;
				CLANG_WARN_DOCUMENTATION_COMMENTS = YES;
				CLANG_WARN_EMPTY_BODY = YES;
				CLANG_WARN_ENUM_CONVERSION = YES;
				CLANG_WARN_INFINITE_RECURSION = YES;
				CLANG_WARN_INT_CONVERSION = YES;
				CLANG_WARN_NON_LITERAL_NULL_CONVERSION = YES;
				CLANG_WARN_OBJC_IMPLICIT_RETAIN_SELF = YES;
				CLANG_WARN_OBJC_LITERAL_CONVERSION = YES;
				CLANG_WARN_OBJC_ROOT_CLASS = YES_ERROR;
				CLANG_WARN_QUOTED_INCLUDE_IN_FRAMEWORK_HEADER = YES;
				CLANG_WARN_RANGE_LOOP_ANALYSIS = YES;
				CLANG_WARN_STRICT_PROTOTYPES = YES;
				CLANG_WARN_SUSPICIOUS_MOVE = YES;
				CLANG_WARN_UNGUARDED_AVAILABILITY = YES_AGGRESSIVE;
				CLANG_WARN_UNREACHABLE_CODE = YES;
				CLANG_WARN__DUPLICATE_METHOD_MATCH = YES;
				COPY_PHASE_STRIP = NO;
				DEBUG_INFORMATION_FORMAT = dwarf;
				ENABLE_STRICT_OBJC_MSGSEND = YES;
				ENABLE_TESTABILITY = YES;
				GCC_C_LANGUAGE_STANDARD = gnu11;
				GCC_DYNAMIC_NO_PIC = NO;
				GCC_NO_COMMON_BLOCKS = YES;
				GCC_OPTIMIZATION_LEVEL = 0;
				GCC_PREPROCESSOR_DEFINITIONS = (
					"DEBUG=1",
					"$(inherited)",
				);
				GCC_WARN_64_TO_32_BIT_CONVERSION = YES;
				GCC_WARN_ABOUT_RETURN_TYPE = YES_ERROR;
				GCC_WARN_UNDECLARED_SELECTOR = YES;
				GCC_WARN_UNINITIALIZED_AUTOS = YES_AGGRESSIVE;
				GCC_WARN_UNUSED_FUNCTION = YES;
				GCC_WARN_UNUSED_VARIABLE = YES;
				IPHONEOS_DEPLOYMENT_TARGET = 16.4;
				MTL_ENABLE_DEBUG_INFO = INCLUDE_SOURCE;
				MTL_FAST_MATH = YES;
				ONLY_ACTIVE_ARCH = YES;
				SDKROOT = iphoneos;
				SWIFT_ACTIVE_COMPILATION_CONDITIONS = DEBUG;
				SWIFT_OPTIMIZATION_LEVEL = "-Onone";
			};
			name = Debug;
		};
		CCAC0C222A2FAF54008DAE0D /* Release */ = {
			isa = XCBuildConfiguration;
			buildSettings = {
				ALWAYS_SEARCH_USER_PATHS = NO;
				CLANG_ANALYZER_NONNULL = YES;
				CLANG_ANALYZER_NUMBER_OBJECT_CONVERSION = YES_AGGRESSIVE;
				CLANG_CXX_LANGUAGE_STANDARD = "gnu++20";
				CLANG_ENABLE_MODULES = YES;
				CLANG_ENABLE_OBJC_ARC = YES;
				CLANG_ENABLE_OBJC_WEAK = YES;
				CLANG_WARN_BLOCK_CAPTURE_AUTORELEASING = YES;
				CLANG_WARN_BOOL_CONVERSION = YES;
				CLANG_WARN_COMMA = YES;
				CLANG_WARN_CONSTANT_CONVERSION = YES;
				CLANG_WARN_DEPRECATED_OBJC_IMPLEMENTATIONS = YES;
				CLANG_WARN_DIRECT_OBJC_ISA_USAGE = YES_ERROR;
				CLANG_WARN_DOCUMENTATION_COMMENTS = YES;
				CLANG_WARN_EMPTY_BODY = YES;
				CLANG_WARN_ENUM_CONVERSION = YES;
				CLANG_WARN_INFINITE_RECURSION = YES;
				CLANG_WARN_INT_CONVERSION = YES;
				CLANG_WARN_NON_LITERAL_NULL_CONVERSION = YES;
				CLANG_WARN_OBJC_IMPLICIT_RETAIN_SELF = YES;
				CLANG_WARN_OBJC_LITERAL_CONVERSION = YES;
				CLANG_WARN_OBJC_ROOT_CLASS = YES_ERROR;
				CLANG_WARN_QUOTED_INCLUDE_IN_FRAMEWORK_HEADER = YES;
				CLANG_WARN_RANGE_LOOP_ANALYSIS = YES;
				CLANG_WARN_STRICT_PROTOTYPES = YES;
				CLANG_WARN_SUSPICIOUS_MOVE = YES;
				CLANG_WARN_UNGUARDED_AVAILABILITY = YES_AGGRESSIVE;
				CLANG_WARN_UNREACHABLE_CODE = YES;
				CLANG_WARN__DUPLICATE_METHOD_MATCH = YES;
				COPY_PHASE_STRIP = NO;
				DEBUG_INFORMATION_FORMAT = "dwarf-with-dsym";
				ENABLE_NS_ASSERTIONS = NO;
				ENABLE_STRICT_OBJC_MSGSEND = YES;
				GCC_C_LANGUAGE_STANDARD = gnu11;
				GCC_NO_COMMON_BLOCKS = YES;
				GCC_WARN_64_TO_32_BIT_CONVERSION = YES;
				GCC_WARN_ABOUT_RETURN_TYPE = YES_ERROR;
				GCC_WARN_UNDECLARED_SELECTOR = YES;
				GCC_WARN_UNINITIALIZED_AUTOS = YES_AGGRESSIVE;
				GCC_WARN_UNUSED_FUNCTION = YES;
				GCC_WARN_UNUSED_VARIABLE = YES;
				IPHONEOS_DEPLOYMENT_TARGET = 16.4;
				MTL_ENABLE_DEBUG_INFO = NO;
				MTL_FAST_MATH = YES;
				SDKROOT = iphoneos;
				SWIFT_COMPILATION_MODE = wholemodule;
				SWIFT_OPTIMIZATION_LEVEL = "-O";
				VALIDATE_PRODUCT = YES;
			};
			name = Release;
		};
		CCAC0C242A2FAF54008DAE0D /* Debug */ = {
			isa = XCBuildConfiguration;
			buildSettings = {
				ASSETCATALOG_COMPILER_APPICON_NAME = AppIcon;
				ASSETCATALOG_COMPILER_GLOBAL_ACCENT_COLOR_NAME = AccentColor;
				CODE_SIGN_STYLE = Automatic;
				CURRENT_PROJECT_VERSION = 1;
				DEVELOPMENT_ASSET_PATHS = "\"TrumpQuotes/Preview Content\"";
				DEVELOPMENT_TEAM = YS49M7Y874;
				ENABLE_PREVIEWS = YES;
				GENERATE_INFOPLIST_FILE = YES;
				INFOPLIST_KEY_UIApplicationSceneManifest_Generation = YES;
				INFOPLIST_KEY_UIApplicationSupportsIndirectInputEvents = YES;
				INFOPLIST_KEY_UILaunchScreen_Generation = YES;
				INFOPLIST_KEY_UISupportedInterfaceOrientations_iPad = "UIInterfaceOrientationPortrait UIInterfaceOrientationPortraitUpsideDown UIInterfaceOrientationLandscapeLeft UIInterfaceOrientationLandscapeRight";
				INFOPLIST_KEY_UISupportedInterfaceOrientations_iPhone = "UIInterfaceOrientationPortrait UIInterfaceOrientationLandscapeLeft UIInterfaceOrientationLandscapeRight";
				LD_RUNPATH_SEARCH_PATHS = (
					"$(inherited)",
					"@executable_path/Frameworks",
				);
				MARKETING_VERSION = 1.0;
				PRODUCT_BUNDLE_IDENTIFIER = com.myorganization.TrumpQuotes;
				PRODUCT_NAME = "$(TARGET_NAME)";
				SWIFT_EMIT_LOC_STRINGS = YES;
				SWIFT_VERSION = 5.0;
				TARGETED_DEVICE_FAMILY = "1,2";
			};
			name = Debug;
		};
		CCAC0C252A2FAF54008DAE0D /* Release */ = {
			isa = XCBuildConfiguration;
			buildSettings = {
				ASSETCATALOG_COMPILER_APPICON_NAME = AppIcon;
				ASSETCATALOG_COMPILER_GLOBAL_ACCENT_COLOR_NAME = AccentColor;
				CODE_SIGN_STYLE = Automatic;
				CURRENT_PROJECT_VERSION = 1;
				DEVELOPMENT_ASSET_PATHS = "\"TrumpQuotes/Preview Content\"";
				DEVELOPMENT_TEAM = YS49M7Y874;
				ENABLE_PREVIEWS = YES;
				GENERATE_INFOPLIST_FILE = YES;
				INFOPLIST_KEY_UIApplicationSceneManifest_Generation = YES;
				INFOPLIST_KEY_UIApplicationSupportsIndirectInputEvents = YES;
				INFOPLIST_KEY_UILaunchScreen_Generation = YES;
				INFOPLIST_KEY_UISupportedInterfaceOrientations_iPad = "UIInterfaceOrientationPortrait UIInterfaceOrientationPortraitUpsideDown UIInterfaceOrientationLandscapeLeft UIInterfaceOrientationLandscapeRight";
				INFOPLIST_KEY_UISupportedInterfaceOrientations_iPhone = "UIInterfaceOrientationPortrait UIInterfaceOrientationLandscapeLeft UIInterfaceOrientationLandscapeRight";
				LD_RUNPATH_SEARCH_PATHS = (
					"$(inherited)",
					"@executable_path/Frameworks",
				);
				MARKETING_VERSION = 1.0;
				PRODUCT_BUNDLE_IDENTIFIER = com.myorganization.TrumpQuotes;
				PRODUCT_NAME = "$(TARGET_NAME)";
				SWIFT_EMIT_LOC_STRINGS = YES;
				SWIFT_VERSION = 5.0;
				TARGETED_DEVICE_FAMILY = "1,2";
			};
			name = Release;
		};
/* End XCBuildConfiguration section */

/* Begin XCConfigurationList section */
		CCAC0C102A2FAF52008DAE0D /* Build configuration list for PBXProject "TrumpQuotes" */ = {
			isa = XCConfigurationList;
			buildConfigurations = (
				CCAC0C212A2FAF54008DAE0D /* Debug */,
				CCAC0C222A2FAF54008DAE0D /* Release */,
			);
			defaultConfigurationIsVisible = 0;
			defaultConfigurationName = Release;
		};
		CCAC0C232A2FAF54008DAE0D /* Build configuration list for PBXNativeTarget "TrumpQuotesGame" */ = {
			isa = XCConfigurationList;
			buildConfigurations = (
				CCAC0C242A2FAF54008DAE0D /* Debug */,
				CCAC0C252A2FAF54008DAE0D /* Release */,
			);
			defaultConfigurationIsVisible = 0;
			defaultConfigurationName = Release;
		};
/* End XCConfigurationList section */
	};
	rootObject = CCAC0C0D2A2FAF52008DAE0D /* Project object */;
}
